// !$*UTF8*$!
{
	archiveVersion = 1;
	classes = {
	};
	objectVersion = 77;
	objects = {

/* Begin PBXBuildFile section */
		26A22317D3C6C894A1BE9063 /* SimpleBlockApp.swift in Sources */ = {isa = PBXBuildFile; fileRef = C3BFEF5B1A68F3539CD6F521 /* SimpleBlockApp.swift */; };
		45836AE1DBF017F62E86E30D /* PromptView.swift in Sources */ = {isa = PBXBuildFile; fileRef = 54E8A61F1AB367E80C50BB0B /* PromptView.swift */; };
		5AF56A8745D5D07808781EB6 /* GateState.swift in Sources */ = {isa = PBXBuildFile; fileRef = B943E39765A8E7ECBFEB3E45 /* GateState.swift */; };
		9B332AC63F66E89B8169A1CE /* Model.swift in Sources */ = {isa = PBXBuildFile; fileRef = CC55652E80DEFD2E2BC4640C /* Model.swift */; };
		B58E30540FBDE9CD89D7DAFD /* GatedApp.swift in Sources */ = {isa = PBXBuildFile; fileRef = 83B65F0BDB8CD64D54631CB2 /* GatedApp.swift */; };
		CA3BEF8A308F8C21BA740565 /* PromptUITests.swift in Sources */ = {isa = PBXBuildFile; fileRef = 4EFD6492EE439DDECB6B4924 /* PromptUITests.swift */; };
		E07627D143024595E968D516 /* Intents.swift in Sources */ = {isa = PBXBuildFile; fileRef = 709D645E90FE55465B4222ED /* Intents.swift */; };
		EFCC9B7EBD52887D57D44CAE /* Assets.xcassets in Resources */ = {isa = PBXBuildFile; fileRef = 103153E55D02ED9C4756BCA7 /* Assets.xcassets */; };
		F7D362260F678FCA89CDCCF2 /* HomeView.swift in Sources */ = {isa = PBXBuildFile; fileRef = ED010BD643A6220185ECA8C5 /* HomeView.swift */; };
/* End PBXBuildFile section */

/* Begin PBXContainerItemProxy section */
		DBF01CEB0FF1E359107D5124 /* PBXContainerItemProxy */ = {
			isa = PBXContainerItemProxy;
			containerPortal = 3E9DB37D60BE72347B1E99A7 /* Project object */;
			proxyType = 1;
			remoteGlobalIDString = FB567B268936B0A7CA72A81E;
			remoteInfo = SimpleBlock;
		};
/* End PBXContainerItemProxy section */

/* Begin PBXFileReference section */
		103153E55D02ED9C4756BCA7 /* Assets.xcassets */ = {isa = PBXFileReference; lastKnownFileType = folder.assetcatalog; path = Assets.xcassets; sourceTree = "<group>"; };
		1A7186CD2691402751E7D3B3 /* Info.plist */ = {isa = PBXFileReference; lastKnownFileType = text.plist; path = Info.plist; sourceTree = "<group>"; };
		4EFD6492EE439DDECB6B4924 /* PromptUITests.swift */ = {isa = PBXFileReference; lastKnownFileType = sourcecode.swift; path = PromptUITests.swift; sourceTree = "<group>"; };
		54E8A61F1AB367E80C50BB0B /* PromptView.swift */ = {isa = PBXFileReference; lastKnownFileType = sourcecode.swift; path = PromptView.swift; sourceTree = "<group>"; };
		709D645E90FE55465B4222ED /* Intents.swift */ = {isa = PBXFileReference; lastKnownFileType = sourcecode.swift; path = Intents.swift; sourceTree = "<group>"; };
		83B65F0BDB8CD64D54631CB2 /* GatedApp.swift */ = {isa = PBXFileReference; lastKnownFileType = sourcecode.swift; path = GatedApp.swift; sourceTree = "<group>"; };
		ABDB75C703E2EBEB82C6A647 /* SimpleBlockUITests.xctest */ = {isa = PBXFileReference; includeInIndex = 0; lastKnownFileType = wrapper.cfbundle; path = SimpleBlockUITests.xctest; sourceTree = BUILT_PRODUCTS_DIR; };
		B943E39765A8E7ECBFEB3E45 /* GateState.swift */ = {isa = PBXFileReference; lastKnownFileType = sourcecode.swift; path = GateState.swift; sourceTree = "<group>"; };
		BCEF25C9390A0486A923B2CC /* SimpleBlock.app */ = {isa = PBXFileReference; includeInIndex = 0; lastKnownFileType = wrapper.application; path = SimpleBlock.app; sourceTree = BUILT_PRODUCTS_DIR; };
		C3BFEF5B1A68F3539CD6F521 /* SimpleBlockApp.swift */ = {isa = PBXFileReference; lastKnownFileType = sourcecode.swift; path = SimpleBlockApp.swift; sourceTree = "<group>"; };
		CC55652E80DEFD2E2BC4640C /* Model.swift */ = {isa = PBXFileReference; lastKnownFileType = sourcecode.swift; path = Model.swift; sourceTree = "<group>"; };
		ED010BD643A6220185ECA8C5 /* HomeView.swift */ = {isa = PBXFileReference; lastKnownFileType = sourcecode.swift; path = HomeView.swift; sourceTree = "<group>"; };
/* End PBXFileReference section */

/* Begin PBXGroup section */
		522EBFEA632D3C861CD5F133 = {
			isa = PBXGroup;
			children = (
				DA489CBC93267210D8A0C088 /* App */,
				6C623408874875423971E109 /* Core */,
				B84666C74CF6D8B98C7B1D67 /* UITests */,
				869DDB53B0225742F46E7EF8 /* Products */,
			);
			sourceTree = "<group>";
		};
		6C623408874875423971E109 /* Core */ = {
			isa = PBXGroup;
			children = (
				83B65F0BDB8CD64D54631CB2 /* GatedApp.swift */,
				B943E39765A8E7ECBFEB3E45 /* GateState.swift */,
			);
			path = Core;
			sourceTree = "<group>";
		};
		869DDB53B0225742F46E7EF8 /* Products */ = {
			isa = PBXGroup;
			children = (
				BCEF25C9390A0486A923B2CC /* SimpleBlock.app */,
				ABDB75C703E2EBEB82C6A647 /* SimpleBlockUITests.xctest */,
			);
			name = Products;
			sourceTree = "<group>";
		};
		B84666C74CF6D8B98C7B1D67 /* UITests */ = {
			isa = PBXGroup;
			children = (
				4EFD6492EE439DDECB6B4924 /* PromptUITests.swift */,
			);
			path = UITests;
			sourceTree = "<group>";
		};
		DA489CBC93267210D8A0C088 /* App */ = {
			isa = PBXGroup;
			children = (
				103153E55D02ED9C4756BCA7 /* Assets.xcassets */,
				ED010BD643A6220185ECA8C5 /* HomeView.swift */,
				1A7186CD2691402751E7D3B3 /* Info.plist */,
				709D645E90FE55465B4222ED /* Intents.swift */,
				CC55652E80DEFD2E2BC4640C /* Model.swift */,
				54E8A61F1AB367E80C50BB0B /* PromptView.swift */,
				C3BFEF5B1A68F3539CD6F521 /* SimpleBlockApp.swift */,
			);
			path = App;
			sourceTree = "<group>";
		};
/* End PBXGroup section */

/* Begin PBXNativeTarget section */
		8BCF19E3F4BA2A4D06073607 /* SimpleBlockUITests */ = {
			isa = PBXNativeTarget;
			buildConfigurationList = FAB44E67CE3F672D92BB1623 /* Build configuration list for PBXNativeTarget "SimpleBlockUITests" */;
			buildPhases = (
				A438C914D516B06C7235C7E8 /* Sources */,
			);
			buildRules = (
			);
			dependencies = (
				F3A5D99D6CDBE07CB9B47A2E /* PBXTargetDependency */,
			);
			name = SimpleBlockUITests;
			packageProductDependencies = (
			);
			productName = SimpleBlockUITests;
			productReference = ABDB75C703E2EBEB82C6A647 /* SimpleBlockUITests.xctest */;
			productType = "com.apple.product-type.bundle.ui-testing";
		};
		FB567B268936B0A7CA72A81E /* SimpleBlock */ = {
			isa = PBXNativeTarget;
			buildConfigurationList = 2D44F0FC5E00CC776CBFB6C8 /* Build configuration list for PBXNativeTarget "SimpleBlock" */;
			buildPhases = (
				618B82B23288173E9C748142 /* Sources */,
				5A8D9AD007ADE3C38438E2A8 /* Resources */,
			);
			buildRules = (
			);
			dependencies = (
			);
			name = SimpleBlock;
			packageProductDependencies = (
			);
			productName = SimpleBlock;
			productReference = BCEF25C9390A0486A923B2CC /* SimpleBlock.app */;
			productType = "com.apple.product-type.application";
		};
/* End PBXNativeTarget section */

/* Begin PBXProject section */
		3E9DB37D60BE72347B1E99A7 /* Project object */ = {
			isa = PBXProject;
			attributes = {
				BuildIndependentTargetsInParallel = YES;
				LastUpgradeCheck = 2700;
				TargetAttributes = {
					8BCF19E3F4BA2A4D06073607 = {
						DevelopmentTeam = SAU6D4D9AT;
						ProvisioningStyle = Automatic;
						TestTargetID = FB567B268936B0A7CA72A81E;
					};
					FB567B268936B0A7CA72A81E = {
						DevelopmentTeam = SAU6D4D9AT;
						ProvisioningStyle = Automatic;
					};
				};
			};
			buildConfigurationList = 5AEB6315BFA3FD396FD0ED66 /* Build configuration list for PBXProject "SimpleBlock" */;
			developmentRegion = en;
			hasScannedForEncodings = 0;
			knownRegions = (
				Base,
				en,
			);
			mainGroup = 522EBFEA632D3C861CD5F133;
			minimizedProjectReferenceProxies = 1;
			preferredProjectObjectVersion = 77;
			productRefGroup = 869DDB53B0225742F46E7EF8 /* Products */;
			projectDirPath = "";
			projectRoot = "";
			targets = (
				FB567B268936B0A7CA72A81E /* SimpleBlock */,
				8BCF19E3F4BA2A4D06073607 /* SimpleBlockUITests */,
			);
		};
/* End PBXProject section */

/* Begin PBXResourcesBuildPhase section */
		5A8D9AD007ADE3C38438E2A8 /* Resources */ = {
			isa = PBXResourcesBuildPhase;
			buildActionMask = 2147483647;
			files = (
				EFCC9B7EBD52887D57D44CAE /* Assets.xcassets in Resources */,
			);
			runOnlyForDeploymentPostprocessing = 0;
		};
/* End PBXResourcesBuildPhase section */

/* Begin PBXSourcesBuildPhase section */
		618B82B23288173E9C748142 /* Sources */ = {
			isa = PBXSourcesBuildPhase;
			buildActionMask = 2147483647;
			files = (
				5AF56A8745D5D07808781EB6 /* GateState.swift in Sources */,
				B58E30540FBDE9CD89D7DAFD /* GatedApp.swift in Sources */,
				F7D362260F678FCA89CDCCF2 /* HomeView.swift in Sources */,
				E07627D143024595E968D516 /* Intents.swift in Sources */,
				9B332AC63F66E89B8169A1CE /* Model.swift in Sources */,
				45836AE1DBF017F62E86E30D /* PromptView.swift in Sources */,
				26A22317D3C6C894A1BE9063 /* SimpleBlockApp.swift in Sources */,
			);
			runOnlyForDeploymentPostprocessing = 0;
		};
		A438C914D516B06C7235C7E8 /* Sources */ = {
			isa = PBXSourcesBuildPhase;
			buildActionMask = 2147483647;
			files = (
				CA3BEF8A308F8C21BA740565 /* PromptUITests.swift in Sources */,
			);
			runOnlyForDeploymentPostprocessing = 0;
		};
/* End PBXSourcesBuildPhase section */

/* Begin PBXTargetDependency section */
		F3A5D99D6CDBE07CB9B47A2E /* PBXTargetDependency */ = {
			isa = PBXTargetDependency;
			target = FB567B268936B0A7CA72A81E /* SimpleBlock */;
			targetProxy = DBF01CEB0FF1E359107D5124 /* PBXContainerItemProxy */;
		};
/* End PBXTargetDependency section */

/* Begin XCBuildConfiguration section */
		39B2EC49FE1CFAB8442308CB /* Debug */ = {
			isa = XCBuildConfiguration;
			buildSettings = {
				ALWAYS_SEARCH_USER_PATHS = NO;
				CLANG_ANALYZER_NONNULL = YES;
				CLANG_ANALYZER_NUMBER_OBJECT_CONVERSION = YES_AGGRESSIVE;
				CLANG_CXX_LANGUAGE_STANDARD = "gnu++14";
				CLANG_CXX_LIBRARY = "libc++";
				CLANG_ENABLE_MODULES = YES;
				CLANG_ENABLE_OBJC_ARC = YES;
				CLANG_ENABLE_OBJC_WEAK = YES;
				CLANG_WARN_BLOCK_CAPTURE_AUTORELEASING = YES;
				CLANG_WARN_BOOL_CONVERSION = YES;
				CLANG_WARN_COMMA = YES;
				CLANG_WARN_CONSTANT_CONVERSION = YES;
				CLANG_WARN_DEPRECATED_OBJC_IMPLEMENTATIONS = YES;
				CLANG_WARN_DIRECT_OBJC_ISA_USAGE = YES_ERROR;
				CLANG_WARN_DOCUMENTATION_COMMENTS = YES;
				CLANG_WARN_EMPTY_BODY = YES;
				CLANG_WARN_ENUM_CONVERSION = YES;
				CLANG_WARN_INFINITE_RECURSION = YES;
				CLANG_WARN_INT_CONVERSION = YES;
				CLANG_WARN_NON_LITERAL_NULL_CONVERSION = YES;
				CLANG_WARN_OBJC_IMPLICIT_RETAIN_SELF = YES;
				CLANG_WARN_OBJC_LITERAL_CONVERSION = YES;
				CLANG_WARN_OBJC_ROOT_CLASS = YES_ERROR;
				CLANG_WARN_QUOTED_INCLUDE_IN_FRAMEWORK_HEADER = YES;
				CLANG_WARN_RANGE_LOOP_ANALYSIS = YES;
				CLANG_WARN_STRICT_PROTOTYPES = YES;
				CLANG_WARN_SUSPICIOUS_MOVE = YES;
				CLANG_WARN_UNGUARDED_AVAILABILITY = YES_AGGRESSIVE;
				CLANG_WARN_UNREACHABLE_CODE = YES;
				CLANG_WARN__DUPLICATE_METHOD_MATCH = YES;
				CODE_SIGN_STYLE = Automatic;
				COPY_PHASE_STRIP = NO;
				CURRENT_PROJECT_VERSION = 1;
				DEBUG_INFORMATION_FORMAT = dwarf;
				DEVELOPMENT_TEAM = SAU6D4D9AT;
				ENABLE_STRICT_OBJC_MSGSEND = YES;
				ENABLE_TESTABILITY = YES;
				GCC_C_LANGUAGE_STANDARD = gnu11;
				GCC_DYNAMIC_NO_PIC = NO;
				GCC_NO_COMMON_BLOCKS = YES;
				GCC_OPTIMIZATION_LEVEL = 0;
				GCC_PREPROCESSOR_DEFINITIONS = (
					"$(inherited)",
					"DEBUG=1",
				);
				GCC_WARN_64_TO_32_BIT_CONVERSION = YES;
				GCC_WARN_ABOUT_RETURN_TYPE = YES_ERROR;
				GCC_WARN_UNDECLARED_SELECTOR = YES;
				GCC_WARN_UNINITIALIZED_AUTOS = YES_AGGRESSIVE;
				GCC_WARN_UNUSED_FUNCTION = YES;
				GCC_WARN_UNUSED_VARIABLE = YES;
				GENERATE_INFOPLIST_FILE = YES;
				IPHONEOS_DEPLOYMENT_TARGET = 26.0;
				MARKETING_VERSION = 1.0;
				MTL_ENABLE_DEBUG_INFO = INCLUDE_SOURCE;
				MTL_FAST_MATH = YES;
				ONLY_ACTIVE_ARCH = YES;
				PRODUCT_NAME = "$(TARGET_NAME)";
				SDKROOT = iphoneos;
				SWIFT_ACTIVE_COMPILATION_CONDITIONS = DEBUG;
				SWIFT_OPTIMIZATION_LEVEL = "-Onone";
				SWIFT_VERSION = 5.0;
			};
			name = Debug;
		};
		42500CCD08E3A24280A8A9EB /* Debug */ = {
			isa = XCBuildConfiguration;
			buildSettings = {
				ASSETCATALOG_COMPILER_APPICON_NAME = AppIcon;
				CODE_SIGN_IDENTITY = "iPhone Developer";
				INFOPLIST_FILE = App/Info.plist;
				INFOPLIST_KEY_CFBundleDisplayName = "Simple Block";
				INFOPLIST_KEY_UIApplicationSceneManifest_Generation = YES;
				INFOPLIST_KEY_UILaunchScreen_Generation = YES;
				INFOPLIST_KEY_UISupportedInterfaceOrientations = UIInterfaceOrientationPortrait;
				LD_RUNPATH_SEARCH_PATHS = (
					"$(inherited)",
					"@executable_path/Frameworks",
				);
				PRODUCT_BUNDLE_IDENTIFIER = "com.pawel.simple-block.ios";
				PRODUCT_NAME = SimpleBlock;
				SDKROOT = iphoneos;
				TARGETED_DEVICE_FAMILY = 1;
			};
			name = Debug;
		};
		6DCB83832E4D1DC55CE23030 /* Release */ = {
			isa = XCBuildConfiguration;
			buildSettings = {
				ALWAYS_SEARCH_USER_PATHS = NO;
				CLANG_ANALYZER_NONNULL = YES;
				CLANG_ANALYZER_NUMBER_OBJECT_CONVERSION = YES_AGGRESSIVE;
				CLANG_CXX_LANGUAGE_STANDARD = "gnu++14";
				CLANG_CXX_LIBRARY = "libc++";
				CLANG_ENABLE_MODULES = YES;
				CLANG_ENABLE_OBJC_ARC = YES;
				CLANG_ENABLE_OBJC_WEAK = YES;
				CLANG_WARN_BLOCK_CAPTURE_AUTORELEASING = YES;
				CLANG_WARN_BOOL_CONVERSION = YES;
				CLANG_WARN_COMMA = YES;
				CLANG_WARN_CONSTANT_CONVERSION = YES;
				CLANG_WARN_DEPRECATED_OBJC_IMPLEMENTATIONS = YES;
				CLANG_WARN_DIRECT_OBJC_ISA_USAGE = YES_ERROR;
				CLANG_WARN_DOCUMENTATION_COMMENTS = YES;
				CLANG_WARN_EMPTY_BODY = YES;
				CLANG_WARN_ENUM_CONVERSION = YES;
				CLANG_WARN_INFINITE_RECURSION = YES;
				CLANG_WARN_INT_CONVERSION = YES;
				CLANG_WARN_NON_LITERAL_NULL_CONVERSION = YES;
				CLANG_WARN_OBJC_IMPLICIT_RETAIN_SELF = YES;
				CLANG_WARN_OBJC_LITERAL_CONVERSION = YES;
				CLANG_WARN_OBJC_ROOT_CLASS = YES_ERROR;
				CLANG_WARN_QUOTED_INCLUDE_IN_FRAMEWORK_HEADER = YES;
				CLANG_WARN_RANGE_LOOP_ANALYSIS = YES;
				CLANG_WARN_STRICT_PROTOTYPES = YES;
				CLANG_WARN_SUSPICIOUS_MOVE = YES;
				CLANG_WARN_UNGUARDED_AVAILABILITY = YES_AGGRESSIVE;
				CLANG_WARN_UNREACHABLE_CODE = YES;
				CLANG_WARN__DUPLICATE_METHOD_MATCH = YES;
				CODE_SIGN_STYLE = Automatic;
				COPY_PHASE_STRIP = NO;
				CURRENT_PROJECT_VERSION = 1;
				DEBUG_INFORMATION_FORMAT = "dwarf-with-dsym";
				DEVELOPMENT_TEAM = SAU6D4D9AT;
				ENABLE_NS_ASSERTIONS = NO;
				ENABLE_STRICT_OBJC_MSGSEND = YES;
				GCC_C_LANGUAGE_STANDARD = gnu11;
				GCC_NO_COMMON_BLOCKS = YES;
				GCC_WARN_64_TO_32_BIT_CONVERSION = YES;
				GCC_WARN_ABOUT_RETURN_TYPE = YES_ERROR;
				GCC_WARN_UNDECLARED_SELECTOR = YES;
				GCC_WARN_UNINITIALIZED_AUTOS = YES_AGGRESSIVE;
				GCC_WARN_UNUSED_FUNCTION = YES;
				GCC_WARN_UNUSED_VARIABLE = YES;
				GENERATE_INFOPLIST_FILE = YES;
				IPHONEOS_DEPLOYMENT_TARGET = 26.0;
				MARKETING_VERSION = 1.0;
				MTL_ENABLE_DEBUG_INFO = NO;
				MTL_FAST_MATH = YES;
				PRODUCT_NAME = "$(TARGET_NAME)";
				SDKROOT = iphoneos;
				SWIFT_COMPILATION_MODE = wholemodule;
				SWIFT_OPTIMIZATION_LEVEL = "-O";
				SWIFT_VERSION = 5.0;
			};
			name = Release;
		};
		783DF4D715056AFDA7B11ABE /* Release */ = {
			isa = XCBuildConfiguration;
			buildSettings = {
				BUNDLE_LOADER = "$(TEST_HOST)";
				LD_RUNPATH_SEARCH_PATHS = (
					"$(inherited)",
					"@executable_path/Frameworks",
					"@loader_path/Frameworks",
				);
				PRODUCT_BUNDLE_IDENTIFIER = "com.pawel.simple-block.ios.uitests";
				SDKROOT = iphoneos;
				TARGETED_DEVICE_FAMILY = 1;
				TEST_TARGET_NAME = SimpleBlock;
			};
			name = Release;
		};
		85FDFBC01FB5F6985A7C9149 /* Release */ = {
			isa = XCBuildConfiguration;
			buildSettings = {
				ASSETCATALOG_COMPILER_APPICON_NAME = AppIcon;
				CODE_SIGN_IDENTITY = "iPhone Developer";
				INFOPLIST_FILE = App/Info.plist;
				INFOPLIST_KEY_CFBundleDisplayName = "Simple Block";
				INFOPLIST_KEY_UIApplicationSceneManifest_Generation = YES;
				INFOPLIST_KEY_UILaunchScreen_Generation = YES;
				INFOPLIST_KEY_UISupportedInterfaceOrientations = UIInterfaceOrientationPortrait;
				LD_RUNPATH_SEARCH_PATHS = (
					"$(inherited)",
					"@executable_path/Frameworks",
				);
				PRODUCT_BUNDLE_IDENTIFIER = "com.pawel.simple-block.ios";
				PRODUCT_NAME = SimpleBlock;
				SDKROOT = iphoneos;
				TARGETED_DEVICE_FAMILY = 1;
			};
			name = Release;
		};
		D29EEF07D276ED0A67D7A111 /* Debug */ = {
			isa = XCBuildConfiguration;
			buildSettings = {
				BUNDLE_LOADER = "$(TEST_HOST)";
				LD_RUNPATH_SEARCH_PATHS = (
					"$(inherited)",
					"@executable_path/Frameworks",
					"@loader_path/Frameworks",
				);
				PRODUCT_BUNDLE_IDENTIFIER = "com.pawel.simple-block.ios.uitests";
				SDKROOT = iphoneos;
				TARGETED_DEVICE_FAMILY = 1;
				TEST_TARGET_NAME = SimpleBlock;
			};
			name = Debug;
		};
/* End XCBuildConfiguration section */

/* Begin XCConfigurationList section */
		2D44F0FC5E00CC776CBFB6C8 /* Build configuration list for PBXNativeTarget "SimpleBlock" */ = {
			isa = XCConfigurationList;
			buildConfigurations = (
				42500CCD08E3A24280A8A9EB /* Debug */,
				85FDFBC01FB5F6985A7C9149 /* Release */,
			);
			defaultConfigurationIsVisible = 0;
			defaultConfigurationName = Debug;
		};
		5AEB6315BFA3FD396FD0ED66 /* Build configuration list for PBXProject "SimpleBlock" */ = {
			isa = XCConfigurationList;
			buildConfigurations = (
				39B2EC49FE1CFAB8442308CB /* Debug */,
				6DCB83832E4D1DC55CE23030 /* Release */,
			);
			defaultConfigurationIsVisible = 0;
			defaultConfigurationName = Debug;
		};
		FAB44E67CE3F672D92BB1623 /* Build configuration list for PBXNativeTarget "SimpleBlockUITests" */ = {
			isa = XCConfigurationList;
			buildConfigurations = (
				D29EEF07D276ED0A67D7A111 /* Debug */,
				783DF4D715056AFDA7B11ABE /* Release */,
			);
			defaultConfigurationIsVisible = 0;
			defaultConfigurationName = Debug;
		};
/* End XCConfigurationList section */
	};
	rootObject = 3E9DB37D60BE72347B1E99A7 /* Project object */;
}
